
Microsoft Visual Studio Solution File, Format Version 12.00
Project("{FAE04EC0-301F-11D3-BF4B-00C04F79EFBC}") = "HelloWorld", "HelloWorld\HelloWorld.csproj", "{7464C5D1-2330-443C-AD8D-2BD1FCB311BB}"
EndProject
Global
	GlobalSection(SolutionConfigurationPlatforms) = preSolution
		Debug|Any CPU = Debug|Any CPU
		Release|Any CPU = Release|Any CPU
	EndGlobalSection
	GlobalSection(ProjectConfigurationPlatforms) = postSolution
		{7464C5D1-2330-443C-AD8D-2BD1FCB311BB}.Debug|Any CPU.ActiveCfg = Debug|Any CPU
		{7464C5D1-2330-443C-AD8D-2BD1FCB311BB}.Debug|Any CPU.Build.0 = Debug|Any CPU
		{7464C5D1-2330-443C-AD8D-2BD1FCB311BB}.Release|Any CPU.ActiveCfg = Release|Any CPU
		{7464C5D1-2330-443C-AD8D-2BD1FCB311BB}.Release|Any CPU.Build.0 = Release|Any CPU
	EndGlobalSection
EndGlobal
